DEPENDENCIES
  apt (~> 2.9)
  camo
    path: .
    metadata: true
  yum (~> 3.9)

GRAPH
  7-zip (1.0.2)
    windows (>= 1.2.2)
  apt (2.9.2)
  ark (0.9.0)
    7-zip (>= 0.0.0)
    windows (>= 0.0.0)
  build-essential (2.2.4)
  camo (0.9.1)
    git (>= 0.0.0)
    nodejs (>= 0.0.0)
    runit (~> 1.5.12)
  chef_handler (1.2.0)
  dmg (2.3.0)
  git (4.3.6)
    build-essential (>= 0.0.0)
    dmg (>= 0.0.0)
    windows (>= 0.0.0)
    yum-epel (>= 0.0.0)
  homebrew (2.0.5)
    build-essential (>= 2.1.2)
  nodejs (2.4.4)
    apt (>= 0.0.0)
    ark (>= 0.0.0)
    build-essential (>= 0.0.0)
    homebrew (>= 0.0.0)
    yum-epel (>= 0.0.0)
  runit (1.5.18)
    build-essential (>= 0.0.0)
    yum (~> 3.0)
    yum-epel (>= 0.0.0)
  windows (1.39.1)
    chef_handler (>= 0.0.0)
  yum (3.9.0)
  yum-epel (0.6.5)
    yum (~> 3.2)
