DEPENDENCIES
  apt
  camo
    path: .
    metadata: true
  yum

GRAPH
  apt (7.2.0)
  ark (4.0.0)
    build-essential (>= 0.0.0)
    seven_zip (>= 0.0.0)
  build-essential (8.2.1)
    mingw (>= 1.1)
    seven_zip (>= 0.0.0)
  camo (0.9.4)
    deploy_resource (>= 0.0.0)
    git (>= 0.0.0)
    nodejs (>= 0.0.0)
    runit (>= 0.0.0)
  deploy_resource (1.0.2)
  git (9.0.1)
    build-essential (>= 5.0.0)
  mingw (2.1.0)
    seven_zip (>= 0.0.0)
  nodejs (6.0.0)
    ark (>= 2.0.2)
    build-essential (>= 5.0)
  packagecloud (1.0.1)
  runit (5.1.2)
    packagecloud (>= 0.0.0)
    yum-epel (>= 0.0.0)
  seven_zip (3.1.1)
    windows (>= 0.0.0)
  windows (6.0.0)
  yum (5.1.0)
  yum-epel (3.3.0)
